Microsoft Visual Studio Solution File, Format Version 12.00
# Visual Studio Version 17
VisualStudioVersion = 17.5.2.0
MinimumVisualStudioVersion = 10.0.40219.1
Project("{FAE04EC0-301F-11D3-BF4B-00C04F79EFBC}") = "PetShop.API", "PetShop.API\PetShop.API.csproj", "{831D010F-F806-5958-28D4-4B2B3B1AFE94}"
EndProject
Project("{FAE04EC0-301F-11D3-BF4B-00C04F79EFBC}") = "Dierenwinkel.Services", "Dierenwinkel.Services\Dierenwinkel.Services.csproj", "{BF2B3517-E6A4-4DEE-B02D-67C652FFEB17}"
EndProject
Project("{FAE04EC0-301F-11D3-BF4B-00C04F79EFBC}") = "Dierenwinkel.ConsoleApp", "Dierenwinkel.ConsoleApp\Dierenwinkel.ConsoleApp.csproj", "{B1ED440D-76FC-4958-BBF1-57736453038A}"
EndProject
Global
	GlobalSection(SolutionConfigurationPlatforms) = preSolution
		Debug|Any CPU = Debug|Any CPU
		Release|Any CPU = Release|Any CPU
	EndGlobalSection
	GlobalSection(ProjectConfigurationPlatforms) = postSolution
		{831D010F-F806-5958-28D4-4B2B3B1AFE94}.Debug|Any CPU.ActiveCfg = Debug|Any CPU
		{831D010F-F806-5958-28D4-4B2B3B1AFE94}.Debug|Any CPU.Build.0 = Debug|Any CPU
		{831D010F-F806-5958-28D4-4B2B3B1AFE94}.Release|Any CPU.ActiveCfg = Release|Any CPU
		{831D010F-F806-5958-28D4-4B2B3B1AFE94}.Release|Any CPU.Build.0 = Release|Any CPU
		{BF2B3517-E6A4-4DEE-B02D-67C652FFEB17}.Debug|Any CPU.ActiveCfg = Debug|Any CPU
		{BF2B3517-E6A4-4DEE-B02D-67C652FFEB17}.Debug|Any CPU.Build.0 = Debug|Any CPU
		{BF2B3517-E6A4-4DEE-B02D-67C652FFEB17}.Release|Any CPU.ActiveCfg = Release|Any CPU
		{BF2B3517-E6A4-4DEE-B02D-67C652FFEB17}.Release|Any CPU.Build.0 = Release|Any CPU
		{B1ED440D-76FC-4958-BBF1-57736453038A}.Debug|Any CPU.ActiveCfg = Debug|Any CPU
		{B1ED440D-76FC-4958-BBF1-57736453038A}.Debug|Any CPU.Build.0 = Debug|Any CPU
		{B1ED440D-76FC-4958-BBF1-57736453038A}.Release|Any CPU.ActiveCfg = Release|Any CPU
		{B1ED440D-76FC-4958-BBF1-57736453038A}.Release|Any CPU.Build.0 = Release|Any CPU
	EndGlobalSection
	GlobalSection(SolutionProperties) = preSolution
		HideSolutionNode = FALSE
	EndGlobalSection
	GlobalSection(ExtensibilityGlobals) = postSolution
		SolutionGuid = {1A4F3FD8-AE27-4ADB-A987-85CBA836002A}
	EndGlobalSection
EndGlobal
